
Microsoft Visual Studio Solution File, Format Version 12.00
# Visual Studio Version 17
VisualStudioVersion = 17.2.32526.322
MinimumVisualStudioVersion = 10.0.40219.1
Project("{8BC9CEB8-8B4A-11D0-8D11-00A0C91BC942}") = "usermode", "usermode\usermode.vcxproj", "{7CA3C21A-DF6A-4BBB-ACAE-0CB3AB330B02}"
EndProject
Project("{8BC9CEB8-8B4A-11D0-8D11-00A0C91BC942}") = "kernel", "Kernel\kernel\kernel.vcxproj", "{73B50C08-28B7-4AFA-8E0A-D84203D66522}"
EndProject
Project("{2150E333-8FDC-42A3-9474-1A3956D46DE8}") = "shared", "Shared", "{99C2CA77-D301-421F-B8E2-F95649D92A36}"
	ProjectSection(SolutionItems) = preProject
		shared_structs.h = shared_structs.h
		xorstr.h = xorstr.h
	EndProjectSection
EndProject
Global
	GlobalSection(SolutionConfigurationPlatforms) = preSolution
		Debug|x64 = Debug|x64
		Release|x64 = Release|x64
	EndGlobalSection
	GlobalSection(ProjectConfigurationPlatforms) = postSolution
		{7CA3C21A-DF6A-4BBB-ACAE-0CB3AB330B02}.Debug|x64.ActiveCfg = Debug|x64
		{7CA3C21A-DF6A-4BBB-ACAE-0CB3AB330B02}.Debug|x64.Build.0 = Debug|x64
		{7CA3C21A-DF6A-4BBB-ACAE-0CB3AB330B02}.Release|x64.ActiveCfg = Release|x64
		{7CA3C21A-DF6A-4BBB-ACAE-0CB3AB330B02}.Release|x64.Build.0 = Release|x64
		{73B50C08-28B7-4AFA-8E0A-D84203D66522}.Debug|x64.ActiveCfg = Debug|x64
		{73B50C08-28B7-4AFA-8E0A-D84203D66522}.Debug|x64.Build.0 = Debug|x64
		{73B50C08-28B7-4AFA-8E0A-D84203D66522}.Debug|x64.Deploy.0 = Debug|x64
		{73B50C08-28B7-4AFA-8E0A-D84203D66522}.Release|x64.ActiveCfg = Release|x64
		{73B50C08-28B7-4AFA-8E0A-D84203D66522}.Release|x64.Build.0 = Release|x64
		{73B50C08-28B7-4AFA-8E0A-D84203D66522}.Release|x64.Deploy.0 = Release|x64
	EndGlobalSection
	GlobalSection(SolutionProperties) = preSolution
		HideSolutionNode = FALSE
	EndGlobalSection
	GlobalSection(ExtensibilityGlobals) = postSolution
		SolutionGuid = {44438BCF-8D7E-4749-840C-F49820480BC0}
	EndGlobalSection
EndGlobal
